
Microsoft Visual Studio Solution File, Format Version 12.00
# Visual Studio 15
VisualStudioVersion = 15.0.28307.645
MinimumVisualStudioVersion = 10.0.40219.1
Project("{FAE04EC0-301F-11D3-BF4B-00C04F79EFBC}") = "exercicio14", "exercicio14\exercicio14.csproj", "{847E1CC4-9204-4598-9FAB-C20C26632393}"
EndProject
Global
	GlobalSection(SolutionConfigurationPlatforms) = preSolution
		Debug|Any CPU = Debug|Any CPU
		Release|Any CPU = Release|Any CPU
	EndGlobalSection
	GlobalSection(ProjectConfigurationPlatforms) = postSolution
		{847E1CC4-9204-4598-9FAB-C20C26632393}.Debug|Any CPU.ActiveCfg = Debug|Any CPU
		{847E1CC4-9204-4598-9FAB-C20C26632393}.Debug|Any CPU.Build.0 = Debug|Any CPU
		{847E1CC4-9204-4598-9FAB-C20C26632393}.Release|Any CPU.ActiveCfg = Release|Any CPU
		{847E1CC4-9204-4598-9FAB-C20C26632393}.Release|Any CPU.Build.0 = Release|Any CPU
	EndGlobalSection
	GlobalSection(SolutionProperties) = preSolution
		HideSolutionNode = FALSE
	EndGlobalSection
	GlobalSection(ExtensibilityGlobals) = postSolution
		SolutionGuid = {20C55E0B-0866-4B0B-A1CE-44D96A455800}
	EndGlobalSection
EndGlobal
